
Microsoft Visual Studio Solution File, Format Version 12.00
# Visual Studio Version 17
VisualStudioVersion = 17.9.34723.18
MinimumVisualStudioVersion = 10.0.40219.1
Project("{FAE04EC0-301F-11D3-BF4B-00C04F79EFBC}") = "Lec_3_integrals", "Lec_3_integrals.csproj", "{34624AC3-60BB-4AEB-A2D6-D31FABB5A764}"
EndProject
Global
	GlobalSection(SolutionConfigurationPlatforms) = preSolution
		Debug|Any CPU = Debug|Any CPU
		Release|Any CPU = Release|Any CPU
	EndGlobalSection
	GlobalSection(ProjectConfigurationPlatforms) = postSolution
		{34624AC3-60BB-4AEB-A2D6-D31FABB5A764}.Debug|Any CPU.ActiveCfg = Debug|Any CPU
		{34624AC3-60BB-4AEB-A2D6-D31FABB5A764}.Debug|Any CPU.Build.0 = Debug|Any CPU
		{34624AC3-60BB-4AEB-A2D6-D31FABB5A764}.Release|Any CPU.ActiveCfg = Release|Any CPU
		{34624AC3-60BB-4AEB-A2D6-D31FABB5A764}.Release|Any CPU.Build.0 = Release|Any CPU
	EndGlobalSection
	GlobalSection(SolutionProperties) = preSolution
		HideSolutionNode = FALSE
	EndGlobalSection
	GlobalSection(ExtensibilityGlobals) = postSolution
		SolutionGuid = {F0A3CC5A-96F3-400B-B66A-E40B06812C33}
	EndGlobalSection
EndGlobal
